
Microsoft Visual Studio Solution File, Format Version 11.00
# Visual Studio 2010
Project("{8BC9CEB8-8B4A-11D0-8D11-00A0C91BC942}") = "BluetoothHelperWin", "BluetoothHelperWin\BluetoothHelperWin.vcxproj", "{FBC68974-77A1-4131-8640-1CB6C971CA5C}"
EndProject
Project("{FAE04EC0-301F-11D3-BF4B-00C04F79EFBC}") = "NeuroExSuiteForms", "NeuroExSuiteForms\NeuroExSuiteForms.csproj", "{A7628A7E-4B24-4132-9A16-54C0D5A1F11A}"
EndProject
Project("{54435603-DBB4-11D2-8724-00A0C9A8B90C}") = "NeuroExInstaller", "NeuroExSuiteFormsDeployment\Deployment.vdproj", "{7B50A32F-BED3-46A0-987F-B5ACBF3DEC5C}"
EndProject
Project("{FAE04EC0-301F-11D3-BF4B-00C04F79EFBC}") = "NeuroExOnline", "NeuroExOnline\NeuroExOnline.csproj", "{57FA59DC-95E7-4FE5-95A2-AEA5F251A4FE}"
EndProject
Project("{FAE04EC0-301F-11D3-BF4B-00C04F79EFBC}") = "NeuroExOnline.Web", "NeuroExOnline.Web\NeuroExOnline.Web.csproj", "{D46CBAD8-EBD1-4C63-84E2-B287E9696429}"
EndProject
Project("{FAE04EC0-301F-11D3-BF4B-00C04F79EFBC}") = "NeuroExLib", "NeuroExLib\NeuroExLib.csproj", "{B7F0673A-7219-4718-B8B7-001942D01791}"
EndProject
Project("{FAE04EC0-301F-11D3-BF4B-00C04F79EFBC}") = "NeuroExDevices", "NeuroExDevices\NeuroExDevices.csproj", "{EFFDD236-D64B-4EE1-B34C-F6BF00AD6357}"
EndProject
Global
	GlobalSection(SolutionConfigurationPlatforms) = preSolution
		Debug MSRS|Any CPU = Debug MSRS|Any CPU
		Debug MSRS|Mixed Platforms = Debug MSRS|Mixed Platforms
		Debug MSRS|Win32 = Debug MSRS|Win32
		Debug MSRS|x86 = Debug MSRS|x86
		Debug|Any CPU = Debug|Any CPU
		Debug|Mixed Platforms = Debug|Mixed Platforms
		Debug|Win32 = Debug|Win32
		Debug|x86 = Debug|x86
		MSRS Debug|Any CPU = MSRS Debug|Any CPU
		MSRS Debug|Mixed Platforms = MSRS Debug|Mixed Platforms
		MSRS Debug|Win32 = MSRS Debug|Win32
		MSRS Debug|x86 = MSRS Debug|x86
		Release MSRS|Any CPU = Release MSRS|Any CPU
		Release MSRS|Mixed Platforms = Release MSRS|Mixed Platforms
		Release MSRS|Win32 = Release MSRS|Win32
		Release MSRS|x86 = Release MSRS|x86
		Release|Any CPU = Release|Any CPU
		Release|Mixed Platforms = Release|Mixed Platforms
		Release|Win32 = Release|Win32
		Release|x86 = Release|x86
	EndGlobalSection
	GlobalSection(ProjectConfigurationPlatforms) = postSolution
		{FBC68974-77A1-4131-8640-1CB6C971CA5C}.Debug MSRS|Any CPU.ActiveCfg = Debug|Win32
		{FBC68974-77A1-4131-8640-1CB6C971CA5C}.Debug MSRS|Mixed Platforms.ActiveCfg = Debug|Win32
		{FBC68974-77A1-4131-8640-1CB6C971CA5C}.Debug MSRS|Mixed Platforms.Build.0 = Debug|Win32
		{FBC68974-77A1-4131-8640-1CB6C971CA5C}.Debug MSRS|Win32.ActiveCfg = Debug|Win32
		{FBC68974-77A1-4131-8640-1CB6C971CA5C}.Debug MSRS|Win32.Build.0 = Debug|Win32
		{FBC68974-77A1-4131-8640-1CB6C971CA5C}.Debug MSRS|x86.ActiveCfg = Debug|Win32
		{FBC68974-77A1-4131-8640-1CB6C971CA5C}.Debug|Any CPU.ActiveCfg = Debug|Win32
		{FBC68974-77A1-4131-8640-1CB6C971CA5C}.Debug|Mixed Platforms.ActiveCfg = Debug|Win32
		{FBC68974-77A1-4131-8640-1CB6C971CA5C}.Debug|Mixed Platforms.Build.0 = Debug|Win32
		{FBC68974-77A1-4131-8640-1CB6C971CA5C}.Debug|Win32.ActiveCfg = Debug|Win32
		{FBC68974-77A1-4131-8640-1CB6C971CA5C}.Debug|Win32.Build.0 = Debug|Win32
		{FBC68974-77A1-4131-8640-1CB6C971CA5C}.Debug|x86.ActiveCfg = Debug|Win32
		{FBC68974-77A1-4131-8640-1CB6C971CA5C}.Debug|x86.Build.0 = Debug|Win32
		{FBC68974-77A1-4131-8640-1CB6C971CA5C}.MSRS Debug|Any CPU.ActiveCfg = Debug|Win32
		{FBC68974-77A1-4131-8640-1CB6C971CA5C}.MSRS Debug|Mixed Platforms.ActiveCfg = Debug|Win32
		{FBC68974-77A1-4131-8640-1CB6C971CA5C}.MSRS Debug|Mixed Platforms.Build.0 = Debug|Win32
		{FBC68974-77A1-4131-8640-1CB6C971CA5C}.MSRS Debug|Win32.ActiveCfg = Debug|Win32
		{FBC68974-77A1-4131-8640-1CB6C971CA5C}.MSRS Debug|Win32.Build.0 = Debug|Win32
		{FBC68974-77A1-4131-8640-1CB6C971CA5C}.MSRS Debug|x86.ActiveCfg = Debug|Win32
		{FBC68974-77A1-4131-8640-1CB6C971CA5C}.Release MSRS|Any CPU.ActiveCfg = Release|Win32
		{FBC68974-77A1-4131-8640-1CB6C971CA5C}.Release MSRS|Mixed Platforms.ActiveCfg = Release|Win32
		{FBC68974-77A1-4131-8640-1CB6C971CA5C}.Release MSRS|Mixed Platforms.Build.0 = Release|Win32
		{FBC68974-77A1-4131-8640-1CB6C971CA5C}.Release MSRS|Win32.ActiveCfg = Release|Win32
		{FBC68974-77A1-4131-8640-1CB6C971CA5C}.Release MSRS|Win32.Build.0 = Release|Win32
		{FBC68974-77A1-4131-8640-1CB6C971CA5C}.Release MSRS|x86.ActiveCfg = Release|Win32
		{FBC68974-77A1-4131-8640-1CB6C971CA5C}.Release|Any CPU.ActiveCfg = Release|Win32
		{FBC68974-77A1-4131-8640-1CB6C971CA5C}.Release|Mixed Platforms.ActiveCfg = Release|Win32
		{FBC68974-77A1-4131-8640-1CB6C971CA5C}.Release|Mixed Platforms.Build.0 = Release|Win32
		{FBC68974-77A1-4131-8640-1CB6C971CA5C}.Release|Win32.ActiveCfg = Release|Win32
		{FBC68974-77A1-4131-8640-1CB6C971CA5C}.Release|Win32.Build.0 = Release|Win32
		{FBC68974-77A1-4131-8640-1CB6C971CA5C}.Release|x86.ActiveCfg = Release|Win32
		{FBC68974-77A1-4131-8640-1CB6C971CA5C}.Release|x86.Build.0 = Release|Win32
		{A7628A7E-4B24-4132-9A16-54C0D5A1F11A}.Debug MSRS|Any CPU.ActiveCfg = Debug|Any CPU
		{A7628A7E-4B24-4132-9A16-54C0D5A1F11A}.Debug MSRS|Any CPU.Build.0 = Debug|Any CPU
		{A7628A7E-4B24-4132-9A16-54C0D5A1F11A}.Debug MSRS|Mixed Platforms.ActiveCfg = Debug|Any CPU
		{A7628A7E-4B24-4132-9A16-54C0D5A1F11A}.Debug MSRS|Mixed Platforms.Build.0 = Debug|Any CPU
		{A7628A7E-4B24-4132-9A16-54C0D5A1F11A}.Debug MSRS|Win32.ActiveCfg = Debug|Any CPU
		{A7628A7E-4B24-4132-9A16-54C0D5A1F11A}.Debug MSRS|x86.ActiveCfg = Debug|Any CPU
		{A7628A7E-4B24-4132-9A16-54C0D5A1F11A}.Debug|Any CPU.ActiveCfg = Debug|Any CPU
		{A7628A7E-4B24-4132-9A16-54C0D5A1F11A}.Debug|Any CPU.Build.0 = Debug|Any CPU
		{A7628A7E-4B24-4132-9A16-54C0D5A1F11A}.Debug|Mixed Platforms.ActiveCfg = Debug|Any CPU
		{A7628A7E-4B24-4132-9A16-54C0D5A1F11A}.Debug|Mixed Platforms.Build.0 = Debug|Any CPU
		{A7628A7E-4B24-4132-9A16-54C0D5A1F11A}.Debug|Win32.ActiveCfg = Debug|Any CPU
		{A7628A7E-4B24-4132-9A16-54C0D5A1F11A}.Debug|x86.ActiveCfg = Debug|Any CPU
		{A7628A7E-4B24-4132-9A16-54C0D5A1F11A}.Debug|x86.Build.0 = Debug|Any CPU
		{A7628A7E-4B24-4132-9A16-54C0D5A1F11A}.MSRS Debug|Any CPU.ActiveCfg = Debug|Any CPU
		{A7628A7E-4B24-4132-9A16-54C0D5A1F11A}.MSRS Debug|Any CPU.Build.0 = Debug|Any CPU
		{A7628A7E-4B24-4132-9A16-54C0D5A1F11A}.MSRS Debug|Mixed Platforms.ActiveCfg = Debug|Any CPU
		{A7628A7E-4B24-4132-9A16-54C0D5A1F11A}.MSRS Debug|Mixed Platforms.Build.0 = Debug|Any CPU
		{A7628A7E-4B24-4132-9A16-54C0D5A1F11A}.MSRS Debug|Win32.ActiveCfg = Debug|Any CPU
		{A7628A7E-4B24-4132-9A16-54C0D5A1F11A}.MSRS Debug|x86.ActiveCfg = Debug|Any CPU
		{A7628A7E-4B24-4132-9A16-54C0D5A1F11A}.Release MSRS|Any CPU.ActiveCfg = Release|Any CPU
		{A7628A7E-4B24-4132-9A16-54C0D5A1F11A}.Release MSRS|Any CPU.Build.0 = Release|Any CPU
		{A7628A7E-4B24-4132-9A16-54C0D5A1F11A}.Release MSRS|Mixed Platforms.ActiveCfg = Release|Any CPU
		{A7628A7E-4B24-4132-9A16-54C0D5A1F11A}.Release MSRS|Mixed Platforms.Build.0 = Release|Any CPU
		{A7628A7E-4B24-4132-9A16-54C0D5A1F11A}.Release MSRS|Win32.ActiveCfg = Release|Any CPU
		{A7628A7E-4B24-4132-9A16-54C0D5A1F11A}.Release MSRS|x86.ActiveCfg = Release|Any CPU
		{A7628A7E-4B24-4132-9A16-54C0D5A1F11A}.Release|Any CPU.ActiveCfg = Release|Any CPU
		{A7628A7E-4B24-4132-9A16-54C0D5A1F11A}.Release|Any CPU.Build.0 = Release|Any CPU
		{A7628A7E-4B24-4132-9A16-54C0D5A1F11A}.Release|Mixed Platforms.ActiveCfg = Release|Any CPU
		{A7628A7E-4B24-4132-9A16-54C0D5A1F11A}.Release|Mixed Platforms.Build.0 = Release|Any CPU
		{A7628A7E-4B24-4132-9A16-54C0D5A1F11A}.Release|Win32.ActiveCfg = Release|Any CPU
		{A7628A7E-4B24-4132-9A16-54C0D5A1F11A}.Release|x86.ActiveCfg = Release|Any CPU
		{A7628A7E-4B24-4132-9A16-54C0D5A1F11A}.Release|x86.Build.0 = Release|Any CPU
		{7B50A32F-BED3-46A0-987F-B5ACBF3DEC5C}.Debug MSRS|Any CPU.ActiveCfg = Debug
		{7B50A32F-BED3-46A0-987F-B5ACBF3DEC5C}.Debug MSRS|Any CPU.Build.0 = Debug
		{7B50A32F-BED3-46A0-987F-B5ACBF3DEC5C}.Debug MSRS|Mixed Platforms.ActiveCfg = Debug
		{7B50A32F-BED3-46A0-987F-B5ACBF3DEC5C}.Debug MSRS|Mixed Platforms.Build.0 = Debug
		{7B50A32F-BED3-46A0-987F-B5ACBF3DEC5C}.Debug MSRS|Win32.ActiveCfg = Debug
		{7B50A32F-BED3-46A0-987F-B5ACBF3DEC5C}.Debug MSRS|Win32.Build.0 = Debug
		{7B50A32F-BED3-46A0-987F-B5ACBF3DEC5C}.Debug MSRS|x86.ActiveCfg = Debug
		{7B50A32F-BED3-46A0-987F-B5ACBF3DEC5C}.Debug MSRS|x86.Build.0 = Debug
		{7B50A32F-BED3-46A0-987F-B5ACBF3DEC5C}.Debug|Any CPU.ActiveCfg = Debug
		{7B50A32F-BED3-46A0-987F-B5ACBF3DEC5C}.Debug|Any CPU.Build.0 = Debug
		{7B50A32F-BED3-46A0-987F-B5ACBF3DEC5C}.Debug|Mixed Platforms.ActiveCfg = Debug
		{7B50A32F-BED3-46A0-987F-B5ACBF3DEC5C}.Debug|Win32.ActiveCfg = Debug
		{7B50A32F-BED3-46A0-987F-B5ACBF3DEC5C}.Debug|Win32.Build.0 = Debug
		{7B50A32F-BED3-46A0-987F-B5ACBF3DEC5C}.Debug|x86.ActiveCfg = Debug
		{7B50A32F-BED3-46A0-987F-B5ACBF3DEC5C}.MSRS Debug|Any CPU.ActiveCfg = Debug
		{7B50A32F-BED3-46A0-987F-B5ACBF3DEC5C}.MSRS Debug|Any CPU.Build.0 = Debug
		{7B50A32F-BED3-46A0-987F-B5ACBF3DEC5C}.MSRS Debug|Mixed Platforms.ActiveCfg = Debug
		{7B50A32F-BED3-46A0-987F-B5ACBF3DEC5C}.MSRS Debug|Mixed Platforms.Build.0 = Debug
		{7B50A32F-BED3-46A0-987F-B5ACBF3DEC5C}.MSRS Debug|Win32.ActiveCfg = Debug
		{7B50A32F-BED3-46A0-987F-B5ACBF3DEC5C}.MSRS Debug|Win32.Build.0 = Debug
		{7B50A32F-BED3-46A0-987F-B5ACBF3DEC5C}.MSRS Debug|x86.ActiveCfg = Debug
		{7B50A32F-BED3-46A0-987F-B5ACBF3DEC5C}.MSRS Debug|x86.Build.0 = Debug
		{7B50A32F-BED3-46A0-987F-B5ACBF3DEC5C}.Release MSRS|Any CPU.ActiveCfg = Release
		{7B50A32F-BED3-46A0-987F-B5ACBF3DEC5C}.Release MSRS|Any CPU.Build.0 = Release
		{7B50A32F-BED3-46A0-987F-B5ACBF3DEC5C}.Release MSRS|Mixed Platforms.ActiveCfg = Release
		{7B50A32F-BED3-46A0-987F-B5ACBF3DEC5C}.Release MSRS|Mixed Platforms.Build.0 = Release
		{7B50A32F-BED3-46A0-987F-B5ACBF3DEC5C}.Release MSRS|Win32.ActiveCfg = Release
		{7B50A32F-BED3-46A0-987F-B5ACBF3DEC5C}.Release MSRS|Win32.Build.0 = Release
		{7B50A32F-BED3-46A0-987F-B5ACBF3DEC5C}.Release MSRS|x86.ActiveCfg = Release
		{7B50A32F-BED3-46A0-987F-B5ACBF3DEC5C}.Release MSRS|x86.Build.0 = Release
		{7B50A32F-BED3-46A0-987F-B5ACBF3DEC5C}.Release|Any CPU.ActiveCfg = Release
		{7B50A32F-BED3-46A0-987F-B5ACBF3DEC5C}.Release|Any CPU.Build.0 = Release
		{7B50A32F-BED3-46A0-987F-B5ACBF3DEC5C}.Release|Mixed Platforms.ActiveCfg = Release
		{7B50A32F-BED3-46A0-987F-B5ACBF3DEC5C}.Release|Mixed Platforms.Build.0 = Release
		{7B50A32F-BED3-46A0-987F-B5ACBF3DEC5C}.Release|Win32.ActiveCfg = Release
		{7B50A32F-BED3-46A0-987F-B5ACBF3DEC5C}.Release|Win32.Build.0 = Release
		{7B50A32F-BED3-46A0-987F-B5ACBF3DEC5C}.Release|x86.ActiveCfg = Release
		{57FA59DC-95E7-4FE5-95A2-AEA5F251A4FE}.Debug MSRS|Any CPU.ActiveCfg = Debug|Any CPU
		{57FA59DC-95E7-4FE5-95A2-AEA5F251A4FE}.Debug MSRS|Any CPU.Build.0 = Debug|Any CPU
		{57FA59DC-95E7-4FE5-95A2-AEA5F251A4FE}.Debug MSRS|Mixed Platforms.ActiveCfg = Debug|Any CPU
		{57FA59DC-95E7-4FE5-95A2-AEA5F251A4FE}.Debug MSRS|Mixed Platforms.Build.0 = Debug|Any CPU
		{57FA59DC-95E7-4FE5-95A2-AEA5F251A4FE}.Debug MSRS|Win32.ActiveCfg = Debug|Any CPU
		{57FA59DC-95E7-4FE5-95A2-AEA5F251A4FE}.Debug MSRS|x86.ActiveCfg = Debug|Any CPU
		{57FA59DC-95E7-4FE5-95A2-AEA5F251A4FE}.Debug|Any CPU.ActiveCfg = Debug|Any CPU
		{57FA59DC-95E7-4FE5-95A2-AEA5F251A4FE}.Debug|Any CPU.Build.0 = Debug|Any CPU
		{57FA59DC-95E7-4FE5-95A2-AEA5F251A4FE}.Debug|Mixed Platforms.ActiveCfg = Debug|Any CPU
		{57FA59DC-95E7-4FE5-95A2-AEA5F251A4FE}.Debug|Win32.ActiveCfg = Debug|Any CPU
		{57FA59DC-95E7-4FE5-95A2-AEA5F251A4FE}.Debug|x86.ActiveCfg = Debug|Any CPU
		{57FA59DC-95E7-4FE5-95A2-AEA5F251A4FE}.Debug|x86.Build.0 = Debug|Any CPU
		{57FA59DC-95E7-4FE5-95A2-AEA5F251A4FE}.MSRS Debug|Any CPU.ActiveCfg = Debug|Any CPU
		{57FA59DC-95E7-4FE5-95A2-AEA5F251A4FE}.MSRS Debug|Any CPU.Build.0 = Debug|Any CPU
		{57FA59DC-95E7-4FE5-95A2-AEA5F251A4FE}.MSRS Debug|Mixed Platforms.ActiveCfg = Debug|Any CPU
		{57FA59DC-95E7-4FE5-95A2-AEA5F251A4FE}.MSRS Debug|Mixed Platforms.Build.0 = Debug|Any CPU
		{57FA59DC-95E7-4FE5-95A2-AEA5F251A4FE}.MSRS Debug|Win32.ActiveCfg = Debug|Any CPU
		{57FA59DC-95E7-4FE5-95A2-AEA5F251A4FE}.MSRS Debug|x86.ActiveCfg = Debug|Any CPU
		{57FA59DC-95E7-4FE5-95A2-AEA5F251A4FE}.Release MSRS|Any CPU.ActiveCfg = Release|Any CPU
		{57FA59DC-95E7-4FE5-95A2-AEA5F251A4FE}.Release MSRS|Any CPU.Build.0 = Release|Any CPU
		{57FA59DC-95E7-4FE5-95A2-AEA5F251A4FE}.Release MSRS|Mixed Platforms.ActiveCfg = Release|Any CPU
		{57FA59DC-95E7-4FE5-95A2-AEA5F251A4FE}.Release MSRS|Mixed Platforms.Build.0 = Release|Any CPU
		{57FA59DC-95E7-4FE5-95A2-AEA5F251A4FE}.Release MSRS|Win32.ActiveCfg = Release|Any CPU
		{57FA59DC-95E7-4FE5-95A2-AEA5F251A4FE}.Release MSRS|x86.ActiveCfg = Release|Any CPU
		{57FA59DC-95E7-4FE5-95A2-AEA5F251A4FE}.Release|Any CPU.ActiveCfg = Release|Any CPU
		{57FA59DC-95E7-4FE5-95A2-AEA5F251A4FE}.Release|Any CPU.Build.0 = Release|Any CPU
		{57FA59DC-95E7-4FE5-95A2-AEA5F251A4FE}.Release|Mixed Platforms.ActiveCfg = Release|Any CPU
		{57FA59DC-95E7-4FE5-95A2-AEA5F251A4FE}.Release|Mixed Platforms.Build.0 = Release|Any CPU
		{57FA59DC-95E7-4FE5-95A2-AEA5F251A4FE}.Release|Win32.ActiveCfg = Release|Any CPU
		{57FA59DC-95E7-4FE5-95A2-AEA5F251A4FE}.Release|x86.ActiveCfg = Release|Any CPU
		{D46CBAD8-EBD1-4C63-84E2-B287E9696429}.Debug MSRS|Any CPU.ActiveCfg = Debug|Any CPU
		{D46CBAD8-EBD1-4C63-84E2-B287E9696429}.Debug MSRS|Any CPU.Build.0 = Debug|Any CPU
		{D46CBAD8-EBD1-4C63-84E2-B287E9696429}.Debug MSRS|Mixed Platforms.ActiveCfg = Debug|Any CPU
		{D46CBAD8-EBD1-4C63-84E2-B287E9696429}.Debug MSRS|Mixed Platforms.Build.0 = Debug|Any CPU
		{D46CBAD8-EBD1-4C63-84E2-B287E9696429}.Debug MSRS|Win32.ActiveCfg = Debug|Any CPU
		{D46CBAD8-EBD1-4C63-84E2-B287E9696429}.Debug MSRS|x86.ActiveCfg = Debug|Any CPU
		{D46CBAD8-EBD1-4C63-84E2-B287E9696429}.Debug|Any CPU.ActiveCfg = Debug|Any CPU
		{D46CBAD8-EBD1-4C63-84E2-B287E9696429}.Debug|Any CPU.Build.0 = Debug|Any CPU
		{D46CBAD8-EBD1-4C63-84E2-B287E9696429}.Debug|Mixed Platforms.ActiveCfg = Debug|Any CPU
		{D46CBAD8-EBD1-4C63-84E2-B287E9696429}.Debug|Win32.ActiveCfg = Debug|Any CPU
		{D46CBAD8-EBD1-4C63-84E2-B287E9696429}.Debug|x86.ActiveCfg = Debug|Any CPU
		{D46CBAD8-EBD1-4C63-84E2-B287E9696429}.Debug|x86.Build.0 = Debug|Any CPU
		{D46CBAD8-EBD1-4C63-84E2-B287E9696429}.MSRS Debug|Any CPU.ActiveCfg = Debug|Any CPU
		{D46CBAD8-EBD1-4C63-84E2-B287E9696429}.MSRS Debug|Any CPU.Build.0 = Debug|Any CPU
		{D46CBAD8-EBD1-4C63-84E2-B287E9696429}.MSRS Debug|Mixed Platforms.ActiveCfg = Debug|Any CPU
		{D46CBAD8-EBD1-4C63-84E2-B287E9696429}.MSRS Debug|Mixed Platforms.Build.0 = Debug|Any CPU
		{D46CBAD8-EBD1-4C63-84E2-B287E9696429}.MSRS Debug|Win32.ActiveCfg = Debug|Any CPU
		{D46CBAD8-EBD1-4C63-84E2-B287E9696429}.MSRS Debug|x86.ActiveCfg = Debug|Any CPU
		{D46CBAD8-EBD1-4C63-84E2-B287E9696429}.Release MSRS|Any CPU.ActiveCfg = Release|Any CPU
		{D46CBAD8-EBD1-4C63-84E2-B287E9696429}.Release MSRS|Any CPU.Build.0 = Release|Any CPU
		{D46CBAD8-EBD1-4C63-84E2-B287E9696429}.Release MSRS|Mixed Platforms.ActiveCfg = Release|Any CPU
		{D46CBAD8-EBD1-4C63-84E2-B287E9696429}.Release MSRS|Mixed Platforms.Build.0 = Release|Any CPU
		{D46CBAD8-EBD1-4C63-84E2-B287E9696429}.Release MSRS|Win32.ActiveCfg = Release|Any CPU
		{D46CBAD8-EBD1-4C63-84E2-B287E9696429}.Release MSRS|x86.ActiveCfg = Release|Any CPU
		{D46CBAD8-EBD1-4C63-84E2-B287E9696429}.Release|Any CPU.ActiveCfg = Release|Any CPU
		{D46CBAD8-EBD1-4C63-84E2-B287E9696429}.Release|Any CPU.Build.0 = Release|Any CPU
		{D46CBAD8-EBD1-4C63-84E2-B287E9696429}.Release|Mixed Platforms.ActiveCfg = Release|Any CPU
		{D46CBAD8-EBD1-4C63-84E2-B287E9696429}.Release|Mixed Platforms.Build.0 = Release|Any CPU
		{D46CBAD8-EBD1-4C63-84E2-B287E9696429}.Release|Win32.ActiveCfg = Release|Any CPU
		{D46CBAD8-EBD1-4C63-84E2-B287E9696429}.Release|x86.ActiveCfg = Release|Any CPU
		{B7F0673A-7219-4718-B8B7-001942D01791}.Debug MSRS|Any CPU.ActiveCfg = Debug|Any CPU
		{B7F0673A-7219-4718-B8B7-001942D01791}.Debug MSRS|Any CPU.Build.0 = Debug|Any CPU
		{B7F0673A-7219-4718-B8B7-001942D01791}.Debug MSRS|Mixed Platforms.ActiveCfg = Debug|Any CPU
		{B7F0673A-7219-4718-B8B7-001942D01791}.Debug MSRS|Mixed Platforms.Build.0 = Debug|Any CPU
		{B7F0673A-7219-4718-B8B7-001942D01791}.Debug MSRS|Win32.ActiveCfg = Debug|Any CPU
		{B7F0673A-7219-4718-B8B7-001942D01791}.Debug MSRS|x86.ActiveCfg = Debug|Any CPU
		{B7F0673A-7219-4718-B8B7-001942D01791}.Debug|Any CPU.ActiveCfg = Debug|Any CPU
		{B7F0673A-7219-4718-B8B7-001942D01791}.Debug|Any CPU.Build.0 = Debug|Any CPU
		{B7F0673A-7219-4718-B8B7-001942D01791}.Debug|Mixed Platforms.ActiveCfg = Debug|Any CPU
		{B7F0673A-7219-4718-B8B7-001942D01791}.Debug|Mixed Platforms.Build.0 = Debug|Any CPU
		{B7F0673A-7219-4718-B8B7-001942D01791}.Debug|Win32.ActiveCfg = Debug|Any CPU
		{B7F0673A-7219-4718-B8B7-001942D01791}.Debug|x86.ActiveCfg = Debug|Any CPU
		{B7F0673A-7219-4718-B8B7-001942D01791}.Debug|x86.Build.0 = Debug|Any CPU
		{B7F0673A-7219-4718-B8B7-001942D01791}.MSRS Debug|Any CPU.ActiveCfg = Debug|Any CPU
		{B7F0673A-7219-4718-B8B7-001942D01791}.MSRS Debug|Any CPU.Build.0 = Debug|Any CPU
		{B7F0673A-7219-4718-B8B7-001942D01791}.MSRS Debug|Mixed Platforms.ActiveCfg = Debug|Any CPU
		{B7F0673A-7219-4718-B8B7-001942D01791}.MSRS Debug|Mixed Platforms.Build.0 = Debug|Any CPU
		{B7F0673A-7219-4718-B8B7-001942D01791}.MSRS Debug|Win32.ActiveCfg = Debug|Any CPU
		{B7F0673A-7219-4718-B8B7-001942D01791}.MSRS Debug|x86.ActiveCfg = Debug|Any CPU
		{B7F0673A-7219-4718-B8B7-001942D01791}.Release MSRS|Any CPU.ActiveCfg = Release|Any CPU
		{B7F0673A-7219-4718-B8B7-001942D01791}.Release MSRS|Any CPU.Build.0 = Release|Any CPU
		{B7F0673A-7219-4718-B8B7-001942D01791}.Release MSRS|Mixed Platforms.ActiveCfg = Release|Any CPU
		{B7F0673A-7219-4718-B8B7-001942D01791}.Release MSRS|Mixed Platforms.Build.0 = Release|Any CPU
		{B7F0673A-7219-4718-B8B7-001942D01791}.Release MSRS|Win32.ActiveCfg = Release|Any CPU
		{B7F0673A-7219-4718-B8B7-001942D01791}.Release MSRS|x86.ActiveCfg = Release|Any CPU
		{B7F0673A-7219-4718-B8B7-001942D01791}.Release|Any CPU.ActiveCfg = Release|Any CPU
		{B7F0673A-7219-4718-B8B7-001942D01791}.Release|Any CPU.Build.0 = Release|Any CPU
		{B7F0673A-7219-4718-B8B7-001942D01791}.Release|Mixed Platforms.ActiveCfg = Release|Any CPU
		{B7F0673A-7219-4718-B8B7-001942D01791}.Release|Mixed Platforms.Build.0 = Release|Any CPU
		{B7F0673A-7219-4718-B8B7-001942D01791}.Release|Win32.ActiveCfg = Release|Any CPU
		{B7F0673A-7219-4718-B8B7-001942D01791}.Release|x86.ActiveCfg = Release|Any CPU
		{EFFDD236-D64B-4EE1-B34C-F6BF00AD6357}.Debug MSRS|Any CPU.ActiveCfg = Debug|Any CPU
		{EFFDD236-D64B-4EE1-B34C-F6BF00AD6357}.Debug MSRS|Any CPU.Build.0 = Debug|Any CPU
		{EFFDD236-D64B-4EE1-B34C-F6BF00AD6357}.Debug MSRS|Mixed Platforms.ActiveCfg = Debug|Any CPU
		{EFFDD236-D64B-4EE1-B34C-F6BF00AD6357}.Debug MSRS|Mixed Platforms.Build.0 = Debug|Any CPU
		{EFFDD236-D64B-4EE1-B34C-F6BF00AD6357}.Debug MSRS|Win32.ActiveCfg = Debug|Any CPU
		{EFFDD236-D64B-4EE1-B34C-F6BF00AD6357}.Debug MSRS|x86.ActiveCfg = Debug|Any CPU
		{EFFDD236-D64B-4EE1-B34C-F6BF00AD6357}.Debug|Any CPU.ActiveCfg = Debug|Any CPU
		{EFFDD236-D64B-4EE1-B34C-F6BF00AD6357}.Debug|Any CPU.Build.0 = Debug|Any CPU
		{EFFDD236-D64B-4EE1-B34C-F6BF00AD6357}.Debug|Mixed Platforms.ActiveCfg = Debug|Any CPU
		{EFFDD236-D64B-4EE1-B34C-F6BF00AD6357}.Debug|Mixed Platforms.Build.0 = Debug|Any CPU
		{EFFDD236-D64B-4EE1-B34C-F6BF00AD6357}.Debug|Win32.ActiveCfg = Debug|Any CPU
		{EFFDD236-D64B-4EE1-B34C-F6BF00AD6357}.Debug|x86.ActiveCfg = Debug|Any CPU
		{EFFDD236-D64B-4EE1-B34C-F6BF00AD6357}.Debug|x86.Build.0 = Debug|Any CPU
		{EFFDD236-D64B-4EE1-B34C-F6BF00AD6357}.MSRS Debug|Any CPU.ActiveCfg = Debug|Any CPU
		{EFFDD236-D64B-4EE1-B34C-F6BF00AD6357}.MSRS Debug|Any CPU.Build.0 = Debug|Any CPU
		{EFFDD236-D64B-4EE1-B34C-F6BF00AD6357}.MSRS Debug|Mixed Platforms.ActiveCfg = Debug|Any CPU
		{EFFDD236-D64B-4EE1-B34C-F6BF00AD6357}.MSRS Debug|Mixed Platforms.Build.0 = Debug|Any CPU
		{EFFDD236-D64B-4EE1-B34C-F6BF00AD6357}.MSRS Debug|Win32.ActiveCfg = Debug|Any CPU
		{EFFDD236-D64B-4EE1-B34C-F6BF00AD6357}.MSRS Debug|x86.ActiveCfg = Debug|Any CPU
		{EFFDD236-D64B-4EE1-B34C-F6BF00AD6357}.Release MSRS|Any CPU.ActiveCfg = Release|Any CPU
		{EFFDD236-D64B-4EE1-B34C-F6BF00AD6357}.Release MSRS|Any CPU.Build.0 = Release|Any CPU
		{EFFDD236-D64B-4EE1-B34C-F6BF00AD6357}.Release MSRS|Mixed Platforms.ActiveCfg = Release|Any CPU
		{EFFDD236-D64B-4EE1-B34C-F6BF00AD6357}.Release MSRS|Mixed Platforms.Build.0 = Release|Any CPU
		{EFFDD236-D64B-4EE1-B34C-F6BF00AD6357}.Release MSRS|Win32.ActiveCfg = Release|Any CPU
		{EFFDD236-D64B-4EE1-B34C-F6BF00AD6357}.Release MSRS|x86.ActiveCfg = Release|Any CPU
		{EFFDD236-D64B-4EE1-B34C-F6BF00AD6357}.Release|Any CPU.ActiveCfg = Release|Any CPU
		{EFFDD236-D64B-4EE1-B34C-F6BF00AD6357}.Release|Any CPU.Build.0 = Release|Any CPU
		{EFFDD236-D64B-4EE1-B34C-F6BF00AD6357}.Release|Mixed Platforms.ActiveCfg = Release|Any CPU
		{EFFDD236-D64B-4EE1-B34C-F6BF00AD6357}.Release|Mixed Platforms.Build.0 = Release|Any CPU
		{EFFDD236-D64B-4EE1-B34C-F6BF00AD6357}.Release|Win32.ActiveCfg = Release|Any CPU
		{EFFDD236-D64B-4EE1-B34C-F6BF00AD6357}.Release|x86.ActiveCfg = Release|Any CPU
	EndGlobalSection
	GlobalSection(SolutionProperties) = preSolution
		HideSolutionNode = FALSE
	EndGlobalSection
EndGlobal
